
Microsoft Visual Studio Solution File, Format Version 12.00
# Visual Studio Version 17
VisualStudioVersion = 17.14.36414.22 d17.14
MinimumVisualStudioVersion = 10.0.40219.1
Project("{FAE04EC0-301F-11D3-BF4B-00C04F79EFBC}") = "OrderManagemenSystem", "OrderManagemenSystem\OrderManagemenSystem.csproj", "{1CB76A17-3F1F-44F6-A63F-9DC9AE66BAAF}"
EndProject
Project("{FAE04EC0-301F-11D3-BF4B-00C04F79EFBC}") = "OrderManagemenSystem.Business", "OrderManagemenSystem.Business\OrderManagemenSystem.Business.csproj", "{1D0D63A6-C029-4978-A350-1ACAFB46A930}"
EndProject
Project("{FAE04EC0-301F-11D3-BF4B-00C04F79EFBC}") = "OrderManagemenSystem.Data", "OrderManagemenSystem.Data\OrderManagemenSystem.Data.csproj", "{C3363E31-7D3F-43E1-AA30-D2E755E74D4C}"
EndProject
Project("{FAE04EC0-301F-11D3-BF4B-00C04F79EFBC}") = "OrderManagemenSystem.Common", "OrderManagemenSystem.Common\OrderManagemenSystem.Common.csproj", "{8A8E01E0-847E-4990-85FA-742AF9D47D69}"
EndProject
Project("{FAE04EC0-301F-11D3-BF4B-00C04F79EFBC}") = "OrderManagemenSystem.UI", "OrderManagemenSystem.UI\OrderManagemenSystem.UI.csproj", "{243240B1-3A1E-48AA-8D8C-22866ED866C7}"
EndProject
Global
	GlobalSection(SolutionConfigurationPlatforms) = preSolution
		Debug|Any CPU = Debug|Any CPU
		Release|Any CPU = Release|Any CPU
	EndGlobalSection
	GlobalSection(ProjectConfigurationPlatforms) = postSolution
		{1CB76A17-3F1F-44F6-A63F-9DC9AE66BAAF}.Debug|Any CPU.ActiveCfg = Debug|Any CPU
		{1CB76A17-3F1F-44F6-A63F-9DC9AE66BAAF}.Debug|Any CPU.Build.0 = Debug|Any CPU
		{1CB76A17-3F1F-44F6-A63F-9DC9AE66BAAF}.Release|Any CPU.ActiveCfg = Release|Any CPU
		{1CB76A17-3F1F-44F6-A63F-9DC9AE66BAAF}.Release|Any CPU.Build.0 = Release|Any CPU
		{1D0D63A6-C029-4978-A350-1ACAFB46A930}.Debug|Any CPU.ActiveCfg = Debug|Any CPU
		{1D0D63A6-C029-4978-A350-1ACAFB46A930}.Debug|Any CPU.Build.0 = Debug|Any CPU
		{1D0D63A6-C029-4978-A350-1ACAFB46A930}.Release|Any CPU.ActiveCfg = Release|Any CPU
		{1D0D63A6-C029-4978-A350-1ACAFB46A930}.Release|Any CPU.Build.0 = Release|Any CPU
		{C3363E31-7D3F-43E1-AA30-D2E755E74D4C}.Debug|Any CPU.ActiveCfg = Debug|Any CPU
		{C3363E31-7D3F-43E1-AA30-D2E755E74D4C}.Debug|Any CPU.Build.0 = Debug|Any CPU
		{C3363E31-7D3F-43E1-AA30-D2E755E74D4C}.Release|Any CPU.ActiveCfg = Release|Any CPU
		{C3363E31-7D3F-43E1-AA30-D2E755E74D4C}.Release|Any CPU.Build.0 = Release|Any CPU
		{8A8E01E0-847E-4990-85FA-742AF9D47D69}.Debug|Any CPU.ActiveCfg = Debug|Any CPU
		{8A8E01E0-847E-4990-85FA-742AF9D47D69}.Debug|Any CPU.Build.0 = Debug|Any CPU
		{8A8E01E0-847E-4990-85FA-742AF9D47D69}.Release|Any CPU.ActiveCfg = Release|Any CPU
		{8A8E01E0-847E-4990-85FA-742AF9D47D69}.Release|Any CPU.Build.0 = Release|Any CPU
		{243240B1-3A1E-48AA-8D8C-22866ED866C7}.Debug|Any CPU.ActiveCfg = Debug|Any CPU
		{243240B1-3A1E-48AA-8D8C-22866ED866C7}.Debug|Any CPU.Build.0 = Debug|Any CPU
		{243240B1-3A1E-48AA-8D8C-22866ED866C7}.Release|Any CPU.ActiveCfg = Release|Any CPU
		{243240B1-3A1E-48AA-8D8C-22866ED866C7}.Release|Any CPU.Build.0 = Release|Any CPU
	EndGlobalSection
	GlobalSection(SolutionProperties) = preSolution
		HideSolutionNode = FALSE
	EndGlobalSection
	GlobalSection(ExtensibilityGlobals) = postSolution
		SolutionGuid = {E7F4DE5E-A51A-4602-A325-A56FCD5462E3}
	EndGlobalSection
EndGlobal
